<?xml version="1.0" encoding="utf-8"?>
<Project ToolsVersion="4.0" xmlns="http://schemas.microsoft.com/developer/msbuild/2003">
  <ItemGroup>
    <Filter Include="Pliki źródłowe">
      <UniqueIdentifier>{4FC737F1-C7A5-4376-A066-2A32D752A2FF}</UniqueIdentifier>
      <Extensions>cpp;c;cc;cxx;def;odl;idl;hpj;bat;asm;asmx</Extensions>
    </Filter>
    <Filter Include="Pliki nagłówkowe">
      <UniqueIdentifier>{93995380-89BD-4b04-88EB-625FBE52EBFB}</UniqueIdentifier>
      <Extensions>h;hh;hpp;hxx;hm;inl;inc;xsd</Extensions>
    </Filter>
    <Filter Include="Pliki zasobów">
      <UniqueIdentifier>{67DA6AB6-F800-4c08-8B7A-83BB121AAD01}</UniqueIdentifier>
      <Extensions>rc;ico;cur;bmp;dlg;rc2;rct;bin;rgs;gif;jpg;jpeg;jpe;resx;tiff;tif;png;wav;mfcribbon-ms</Extensions>
    </Filter>
    <Filter Include="Pliki nagłówkowe\rapidxml">
      <UniqueIdentifier>{ed87526a-ec4f-46dd-be6c-86046b28150c}</UniqueIdentifier>
    </Filter>
    <Filter Include="Pliki nagłówkowe\profile">
      <UniqueIdentifier>{6048fffe-14b6-48bb-8903-09f622a7cdb1}</UniqueIdentifier>
    </Filter>
    <Filter Include="Pliki nagłówkowe\Objects">
      <UniqueIdentifier>{65ea32e9-ba03-4294-922f-04382a0d7aad}</UniqueIdentifier>
    </Filter>
    <Filter Include="Pliki nagłówkowe\Objects\Tools">
      <UniqueIdentifier>{2f0ded42-7d39-4748-81ff-b8a5d5f0ee25}</UniqueIdentifier>
    </Filter>
    <Filter Include="Pliki nagłówkowe\Objects\Terrain">
      <UniqueIdentifier>{06d319aa-9d85-4ccf-998f-b374d8473751}</UniqueIdentifier>
    </Filter>
    <Filter Include="Pliki nagłówkowe\Engine">
      <UniqueIdentifier>{31f22163-d48b-4cf5-87d2-ca5dd71d7554}</UniqueIdentifier>
    </Filter>
    <Filter Include="Pliki źródłowe\profile">
      <UniqueIdentifier>{41e7d3c9-e72b-4546-9ff4-112ba72df94d}</UniqueIdentifier>
    </Filter>
    <Filter Include="Pliki źródłowe\Objects">
      <UniqueIdentifier>{792bbb17-f9d4-4dac-95c2-7a9f39f1abdf}</UniqueIdentifier>
    </Filter>
    <Filter Include="Pliki źródłowe\Objects\Terrain">
      <UniqueIdentifier>{b12741b8-4f84-4170-b3a5-f689242b800d}</UniqueIdentifier>
    </Filter>
    <Filter Include="Pliki źródłowe\Objects\Tools">
      <UniqueIdentifier>{1528815d-d613-45a8-80fc-66e401702825}</UniqueIdentifier>
    </Filter>
    <Filter Include="Pliki źródłowe\Engine">
      <UniqueIdentifier>{f2e0114f-7ca0-4653-bb0d-75d0aa30482e}</UniqueIdentifier>
    </Filter>
  </ItemGroup>
  <ItemGroup>
    <ClCompile Include="main.cpp">
      <Filter>Pliki źródłowe</Filter>
    </ClCompile>
    <ClCompile Include="Profile.cpp">
      <Filter>Pliki źródłowe\profile</Filter>
    </ClCompile>
    <ClCompile Include="ProfilesContainer.cpp">
      <Filter>Pliki źródłowe\profile</Filter>
    </ClCompile>
    <ClCompile Include="Player.cpp">
      <Filter>Pliki źródłowe\Objects</Filter>
    </ClCompile>
    <ClCompile Include="Blank.cpp">
      <Filter>Pliki źródłowe\Objects\Terrain</Filter>
    </ClCompile>
    <ClCompile Include="Clay.cpp">
      <Filter>Pliki źródłowe\Objects\Terrain</Filter>
    </ClCompile>
    <ClCompile Include="Granite.cpp">
      <Filter>Pliki źródłowe\Objects\Terrain</Filter>
    </ClCompile>
    <ClCompile Include="bomb.cpp">
      <Filter>Pliki źródłowe\Objects\Tools</Filter>
    </ClCompile>
    <ClCompile Include="Tool.cpp">
      <Filter>Pliki źródłowe\Objects\Tools</Filter>
    </ClCompile>
    <ClCompile Include="Pickaxe.cpp">
      <Filter>Pliki źródłowe\Objects\Tools</Filter>
    </ClCompile>
    <ClCompile Include="Engine.cpp">
      <Filter>Pliki źródłowe\Engine</Filter>
    </ClCompile>
    <ClCompile Include="Map.cpp">
      <Filter>Pliki źródłowe\Engine</Filter>
    </ClCompile>
    <ClCompile Include="Event.cpp">
      <Filter>Pliki źródłowe\Engine</Filter>
    </ClCompile>
    <ClCompile Include="EventQueue.cpp">
      <Filter>Pliki źródłowe\Engine</Filter>
    </ClCompile>
    <ClCompile Include="SuperPickaxe.cpp">
      <Filter>Pliki źródłowe\Objects\Tools</Filter>
    </ClCompile>
    <ClCompile Include="Dynamite.cpp">
      <Filter>Pliki źródłowe\Objects\Tools</Filter>
    </ClCompile>
    <ClCompile Include="Menu.cpp">
      <Filter>Pliki źródłowe\Engine</Filter>
    </ClCompile>
  </ItemGroup>
  <ItemGroup>
    <ClInclude Include="rapidxml_utils.hpp">
      <Filter>Pliki nagłówkowe\rapidxml</Filter>
    </ClInclude>
    <ClInclude Include="rapidxml.hpp">
      <Filter>Pliki nagłówkowe\rapidxml</Filter>
    </ClInclude>
    <ClInclude Include="rapidxml_iterators.hpp">
      <Filter>Pliki nagłówkowe\rapidxml</Filter>
    </ClInclude>
    <ClInclude Include="rapidxml_print.hpp">
      <Filter>Pliki nagłówkowe\rapidxml</Filter>
    </ClInclude>
    <ClInclude Include="ProfilesContainer.h">
      <Filter>Pliki nagłówkowe\profile</Filter>
    </ClInclude>
    <ClInclude Include="Profile.h">
      <Filter>Pliki nagłówkowe\profile</Filter>
    </ClInclude>
    <ClInclude Include="Object.h">
      <Filter>Pliki nagłówkowe\Objects</Filter>
    </ClInclude>
    <ClInclude Include="Tool.h">
      <Filter>Pliki nagłówkowe\Objects\Tools</Filter>
    </ClInclude>
    <ClInclude Include="Pickaxe.h">
      <Filter>Pliki nagłówkowe\Objects\Tools</Filter>
    </ClInclude>
    <ClInclude Include="SuperPickaxe.h">
      <Filter>Pliki nagłówkowe\Objects\Tools</Filter>
    </ClInclude>
    <ClInclude Include="Bomb.h">
      <Filter>Pliki nagłówkowe\Objects\Tools</Filter>
    </ClInclude>
    <ClInclude Include="Dynamite.h">
      <Filter>Pliki nagłówkowe\Objects\Tools</Filter>
    </ClInclude>
    <ClInclude Include="Clay.h">
      <Filter>Pliki nagłówkowe\Objects\Terrain</Filter>
    </ClInclude>
    <ClInclude Include="Granite.h">
      <Filter>Pliki nagłówkowe\Objects\Terrain</Filter>
    </ClInclude>
    <ClInclude Include="Terrain.h">
      <Filter>Pliki nagłówkowe\Objects\Terrain</Filter>
    </ClInclude>
    <ClInclude Include="Blank.h">
      <Filter>Pliki nagłówkowe\Objects\Terrain</Filter>
    </ClInclude>
    <ClInclude Include="Engine.h">
      <Filter>Pliki nagłówkowe\Engine</Filter>
    </ClInclude>
    <ClInclude Include="Map.h">
      <Filter>Pliki nagłówkowe\Engine</Filter>
    </ClInclude>
    <ClInclude Include="Player.h">
      <Filter>Pliki nagłówkowe\Objects</Filter>
    </ClInclude>
    <ClInclude Include="Event.h">
      <Filter>Pliki nagłówkowe\Engine</Filter>
    </ClInclude>
    <ClInclude Include="EventQueue.h">
      <Filter>Pliki nagłówkowe\Engine</Filter>
    </ClInclude>
    <ClInclude Include="Menu.h">
      <Filter>Pliki nagłówkowe\Engine</Filter>
    </ClInclude>
  </ItemGroup>
  <ItemGroup>
    <Xml Include="save.xml">
      <Filter>Pliki zasobów</Filter>
    </Xml>
  </ItemGroup>
</Project>